
Microsoft Visual Studio Solution File, Format Version 12.00
# Visual Studio Version 16
VisualStudioVersion = 16.0.30204.135
MinimumVisualStudioVersion = 10.0.40219.1
Project("{FAE04EC0-301F-11D3-BF4B-00C04F79EFBC}") = "BlazorServerMinimal", "BlazorServerMinimal.csproj", "{18573F07-8E30-430E-A2A4-3D7FB2D89C11}"
EndProject
Global
	GlobalSection(SolutionConfigurationPlatforms) = preSolution
		Debug|Any CPU = Debug|Any CPU
		Release|Any CPU = Release|Any CPU
	EndGlobalSection
	GlobalSection(ProjectConfigurationPlatforms) = postSolution
		{18573F07-8E30-430E-A2A4-3D7FB2D89C11}.Debug|Any CPU.ActiveCfg = Debug|Any CPU
		{18573F07-8E30-430E-A2A4-3D7FB2D89C11}.Debug|Any CPU.Build.0 = Debug|Any CPU
		{18573F07-8E30-430E-A2A4-3D7FB2D89C11}.Release|Any CPU.ActiveCfg = Release|Any CPU
		{18573F07-8E30-430E-A2A4-3D7FB2D89C11}.Release|Any CPU.Build.0 = Release|Any CPU
	EndGlobalSection
	GlobalSection(SolutionProperties) = preSolution
		HideSolutionNode = FALSE
	EndGlobalSection
	GlobalSection(ExtensibilityGlobals) = postSolution
		SolutionGuid = {E42D13C0-D9A9-436C-81BB-B06B15D824A8}
	EndGlobalSection
EndGlobal
